
Microsoft Visual Studio Solution File, Format Version 12.00
# Visual Studio Version 17
VisualStudioVersion = 17.2.32519.379
MinimumVisualStudioVersion = 10.0.40219.1
Project("{8BC9CEB8-8B4A-11D0-8D11-00A0C91BC942}") = "memcpy", "memcpy\memcpy.vcxproj", "{F17102E6-D8B2-4C09-8F79-22DFD632C99D}"
EndProject
Project("{8BC9CEB8-8B4A-11D0-8D11-00A0C91BC942}") = "memmove", "memmove\memmove.vcxproj", "{BF1D7391-70C5-4761-A932-97F9C5069B32}"
EndProject
Project("{8BC9CEB8-8B4A-11D0-8D11-00A0C91BC942}") = "Sample", "Sample\Sample.vcxproj", "{C7D2AAC2-0F69-4D1D-B11C-2D7F2DE8AAFD}"
EndProject
Project("{8BC9CEB8-8B4A-11D0-8D11-00A0C91BC942}") = "C플러스", "C플러스\C플러스.vcxproj", "{8E57D16B-E61F-42F3-A3BE-79778E11E5E5}"
EndProject
Project("{FAE04EC0-301F-11D3-BF4B-00C04F79EFBC}") = "C샵", "C샵\C샵.csproj", "{8D316946-B1E8-4125-89CF-EB961FB0329A}"
EndProject
Project("{8BC9CEB8-8B4A-11D0-8D11-00A0C91BC942}") = "동적", "동적\동적.vcxproj", "{F579E2C9-064D-4114-8099-7C35245CC5FB}"
EndProject
Project("{8BC9CEB8-8B4A-11D0-8D11-00A0C91BC942}") = "memset", "memset\memset.vcxproj", "{5A802A5F-AFB0-4775-A2FE-8EA9775A1831}"
EndProject
Project("{8BC9CEB8-8B4A-11D0-8D11-00A0C91BC942}") = "strtok", "strtok\strtok.vcxproj", "{621500C7-88DA-4465-965D-820D7DBA86F6}"
EndProject
Project("{8BC9CEB8-8B4A-11D0-8D11-00A0C91BC942}") = "strcat", "strcat\strcat.vcxproj", "{8E8E3DBB-FE52-4369-BCA0-EF58684C8FE1}"
EndProject
Project("{8BC9CEB8-8B4A-11D0-8D11-00A0C91BC942}") = "strcmp", "strcmp\strcmp.vcxproj", "{9FCE3FA8-E61F-4E30-BD9E-20BB2A3497FF}"
EndProject
Project("{8BC9CEB8-8B4A-11D0-8D11-00A0C91BC942}") = "pointer", "pointer\pointer.vcxproj", "{718E0965-ED85-48E3-A7F8-72838D477D05}"
EndProject
Project("{8BC9CEB8-8B4A-11D0-8D11-00A0C91BC942}") = "function", "function\function.vcxproj", "{036C1049-9053-4AD0-BB12-57F01C8EDA14}"
EndProject
Project("{8BC9CEB8-8B4A-11D0-8D11-00A0C91BC942}") = "struct", "struct\struct.vcxproj", "{2711D267-B4A5-4463-9875-46E69215F7D5}"
EndProject
Project("{8BC9CEB8-8B4A-11D0-8D11-00A0C91BC942}") = "Timer_Digital", "Timer_Digital\Timer_Digital.vcxproj", "{8B592D2E-6A93-4122-A44D-005F5B59754B}"
EndProject
Project("{8BC9CEB8-8B4A-11D0-8D11-00A0C91BC942}") = "Define", "Define\Define.vcxproj", "{55ED7BD7-6C5E-42C5-94B4-F9B5E904C4AA}"
EndProject
Project("{8BC9CEB8-8B4A-11D0-8D11-00A0C91BC942}") = "Template", "Template\Template.vcxproj", "{6192CD59-879D-4FBA-B9B4-CA836F0C4A13}"
EndProject
Project("{8BC9CEB8-8B4A-11D0-8D11-00A0C91BC942}") = "GetDlgText", "GetDlgText\GetDlgText.vcxproj", "{8329EC8B-92ED-4E47-878F-5D22B0DA8BAD}"
EndProject
Project("{8BC9CEB8-8B4A-11D0-8D11-00A0C91BC942}") = "strlen", "strlen\strlen.vcxproj", "{7984E8D6-E704-4875-BF19-D20E8DBA5277}"
EndProject
Project("{8BC9CEB8-8B4A-11D0-8D11-00A0C91BC942}") = "연습", "연습\연습.vcxproj", "{AF17ED11-DCB0-4371-8739-A37F2E6C620A}"
EndProject
Project("{8BC9CEB8-8B4A-11D0-8D11-00A0C91BC942}") = "문자열", "문자열\문자열.vcxproj", "{95DCF0CF-D8E3-43C2-9A64-AF8B40D99C07}"
EndProject
Project("{8BC9CEB8-8B4A-11D0-8D11-00A0C91BC942}") = "구조체", "구조체\구조체.vcxproj", "{DE46BEF2-D08C-47E8-B906-97F4AC4A11E1}"
EndProject
Project("{8BC9CEB8-8B4A-11D0-8D11-00A0C91BC942}") = "구조체2", "구조체2\구조체2.vcxproj", "{EF150AAB-D3C2-440C-B4D0-B7A17269BCD7}"
EndProject
Project("{8BC9CEB8-8B4A-11D0-8D11-00A0C91BC942}") = "공용체(union)", "공용체(union)\공용체(union).vcxproj", "{8FBFFEAA-329B-45EA-A452-DFC3F9274BB5}"
EndProject
Project("{8BC9CEB8-8B4A-11D0-8D11-00A0C91BC942}") = "열거체(enum)", "열거체(enum)\열거체(enum).vcxproj", "{5EFB3DA6-C2F8-44CD-A19F-351386865E55}"
EndProject
Project("{8BC9CEB8-8B4A-11D0-8D11-00A0C91BC942}") = "함수", "함수\함수.vcxproj", "{5E7458DE-C4E5-4724-8834-ECF36FC6141B}"
EndProject
Project("{8BC9CEB8-8B4A-11D0-8D11-00A0C91BC942}") = "함수2", "함수2\함수2.vcxproj", "{96A1F1CD-2828-4A33-998A-C0DE4EEC880F}"
EndProject
Project("{8BC9CEB8-8B4A-11D0-8D11-00A0C91BC942}") = "재귀함수", "재귀함수\재귀함수.vcxproj", "{948A48E3-528C-4B94-BDC0-CBAC79D73D06}"
EndProject
Project("{8BC9CEB8-8B4A-11D0-8D11-00A0C91BC942}") = "함수포인터", "함수포인터\함수포인터.vcxproj", "{E5BBC4FE-A4D7-4D6B-B277-6ADAF9DDDDC7}"
EndProject
Project("{8BC9CEB8-8B4A-11D0-8D11-00A0C91BC942}") = "함수포인터2", "함수포인터2\함수포인터2.vcxproj", "{BAF3DBFE-8BE6-4D9E-ADD5-5A476BC9F1BA}"
EndProject
Project("{8BC9CEB8-8B4A-11D0-8D11-00A0C91BC942}") = "함수 다양하게", "함수 다양하게\함수 다양하게.vcxproj", "{F5F30240-1239-4502-95C1-0D3877A75A4C}"
EndProject
Project("{8BC9CEB8-8B4A-11D0-8D11-00A0C91BC942}") = "오버로딩 오버라이딩", "오버로딩 오버라이딩\오버로딩 오버라이딩.vcxproj", "{AAD5A5E1-AC2E-4954-AD38-06BE097B5040}"
EndProject
Project("{8BC9CEB8-8B4A-11D0-8D11-00A0C91BC942}") = "암호화 복호화", "암호화 복호화\암호화 복호화.vcxproj", "{E89209AE-AB31-47EB-9BCD-598031765FF4}"
EndProject
Project("{8BC9CEB8-8B4A-11D0-8D11-00A0C91BC942}") = "함수 오버로딩", "함수 오버로딩\함수 오버로딩.vcxproj", "{BFEF8235-492B-49C7-9BE9-CC21F4D89842}"
EndProject
Project("{8BC9CEB8-8B4A-11D0-8D11-00A0C91BC942}") = "참조변수", "참조변수\참조변수.vcxproj", "{B3A9D4C8-540A-4CE1-A544-9D90DB33D6BD}"
EndProject
Project("{8BC9CEB8-8B4A-11D0-8D11-00A0C91BC942}") = "참조변수2", "참조변수2\참조변수2.vcxproj", "{0E38282A-61ED-4D26-A5A2-EDF831185682}"
EndProject
Project("{8BC9CEB8-8B4A-11D0-8D11-00A0C91BC942}") = "함수 오버라이딩", "함수 오버라이딩\함수 오버라이딩.vcxproj", "{DE474FF2-3955-49ED-A564-1AA92F515ECB}"
EndProject
Project("{8BC9CEB8-8B4A-11D0-8D11-00A0C91BC942}") = "클래스", "클래스\클래스.vcxproj", "{D1981EC4-39DC-4399-9EA5-518EE5EFF494}"
EndProject
Project("{8BC9CEB8-8B4A-11D0-8D11-00A0C91BC942}") = "클래스 접근제어자", "클래스 접근제어자\클래스 접근제어자.vcxproj", "{A6BADFA8-7FB3-478B-940C-7BEF6167C5EA}"
EndProject
Project("{8BC9CEB8-8B4A-11D0-8D11-00A0C91BC942}") = "this포인터", "this포인터\this포인터.vcxproj", "{33FE8E63-E423-4625-AB80-D0976BEAC729}"
EndProject
Global
	GlobalSection(SolutionConfigurationPlatforms) = preSolution
		Debug|Any CPU = Debug|Any CPU
		Debug|x64 = Debug|x64
		Debug|x86 = Debug|x86
		Release|Any CPU = Release|Any CPU
		Release|x64 = Release|x64
		Release|x86 = Release|x86
	EndGlobalSection
	GlobalSection(ProjectConfigurationPlatforms) = postSolution
		{F17102E6-D8B2-4C09-8F79-22DFD632C99D}.Debug|Any CPU.ActiveCfg = Debug|x64
		{F17102E6-D8B2-4C09-8F79-22DFD632C99D}.Debug|Any CPU.Build.0 = Debug|x64
		{F17102E6-D8B2-4C09-8F79-22DFD632C99D}.Debug|x64.ActiveCfg = Debug|x64
		{F17102E6-D8B2-4C09-8F79-22DFD632C99D}.Debug|x64.Build.0 = Debug|x64
		{F17102E6-D8B2-4C09-8F79-22DFD632C99D}.Debug|x86.ActiveCfg = Debug|Win32
		{F17102E6-D8B2-4C09-8F79-22DFD632C99D}.Debug|x86.Build.0 = Debug|Win32
		{F17102E6-D8B2-4C09-8F79-22DFD632C99D}.Release|Any CPU.ActiveCfg = Release|x64
		{F17102E6-D8B2-4C09-8F79-22DFD632C99D}.Release|Any CPU.Build.0 = Release|x64
		{F17102E6-D8B2-4C09-8F79-22DFD632C99D}.Release|x64.ActiveCfg = Release|x64
		{F17102E6-D8B2-4C09-8F79-22DFD632C99D}.Release|x64.Build.0 = Release|x64
		{F17102E6-D8B2-4C09-8F79-22DFD632C99D}.Release|x86.ActiveCfg = Release|Win32
		{F17102E6-D8B2-4C09-8F79-22DFD632C99D}.Release|x86.Build.0 = Release|Win32
		{BF1D7391-70C5-4761-A932-97F9C5069B32}.Debug|Any CPU.ActiveCfg = Debug|x64
		{BF1D7391-70C5-4761-A932-97F9C5069B32}.Debug|Any CPU.Build.0 = Debug|x64
		{BF1D7391-70C5-4761-A932-97F9C5069B32}.Debug|x64.ActiveCfg = Debug|x64
		{BF1D7391-70C5-4761-A932-97F9C5069B32}.Debug|x64.Build.0 = Debug|x64
		{BF1D7391-70C5-4761-A932-97F9C5069B32}.Debug|x86.ActiveCfg = Debug|Win32
		{BF1D7391-70C5-4761-A932-97F9C5069B32}.Debug|x86.Build.0 = Debug|Win32
		{BF1D7391-70C5-4761-A932-97F9C5069B32}.Release|Any CPU.ActiveCfg = Release|x64
		{BF1D7391-70C5-4761-A932-97F9C5069B32}.Release|Any CPU.Build.0 = Release|x64
		{BF1D7391-70C5-4761-A932-97F9C5069B32}.Release|x64.ActiveCfg = Release|x64
		{BF1D7391-70C5-4761-A932-97F9C5069B32}.Release|x64.Build.0 = Release|x64
		{BF1D7391-70C5-4761-A932-97F9C5069B32}.Release|x86.ActiveCfg = Release|Win32
		{BF1D7391-70C5-4761-A932-97F9C5069B32}.Release|x86.Build.0 = Release|Win32
		{C7D2AAC2-0F69-4D1D-B11C-2D7F2DE8AAFD}.Debug|Any CPU.ActiveCfg = Debug|x64
		{C7D2AAC2-0F69-4D1D-B11C-2D7F2DE8AAFD}.Debug|Any CPU.Build.0 = Debug|x64
		{C7D2AAC2-0F69-4D1D-B11C-2D7F2DE8AAFD}.Debug|x64.ActiveCfg = Debug|x64
		{C7D2AAC2-0F69-4D1D-B11C-2D7F2DE8AAFD}.Debug|x64.Build.0 = Debug|x64
		{C7D2AAC2-0F69-4D1D-B11C-2D7F2DE8AAFD}.Debug|x86.ActiveCfg = Debug|Win32
		{C7D2AAC2-0F69-4D1D-B11C-2D7F2DE8AAFD}.Debug|x86.Build.0 = Debug|Win32
		{C7D2AAC2-0F69-4D1D-B11C-2D7F2DE8AAFD}.Release|Any CPU.ActiveCfg = Release|x64
		{C7D2AAC2-0F69-4D1D-B11C-2D7F2DE8AAFD}.Release|Any CPU.Build.0 = Release|x64
		{C7D2AAC2-0F69-4D1D-B11C-2D7F2DE8AAFD}.Release|x64.ActiveCfg = Release|x64
		{C7D2AAC2-0F69-4D1D-B11C-2D7F2DE8AAFD}.Release|x64.Build.0 = Release|x64
		{C7D2AAC2-0F69-4D1D-B11C-2D7F2DE8AAFD}.Release|x86.ActiveCfg = Release|Win32
		{C7D2AAC2-0F69-4D1D-B11C-2D7F2DE8AAFD}.Release|x86.Build.0 = Release|Win32
		{8E57D16B-E61F-42F3-A3BE-79778E11E5E5}.Debug|Any CPU.ActiveCfg = Debug|x64
		{8E57D16B-E61F-42F3-A3BE-79778E11E5E5}.Debug|Any CPU.Build.0 = Debug|x64
		{8E57D16B-E61F-42F3-A3BE-79778E11E5E5}.Debug|x64.ActiveCfg = Debug|x64
		{8E57D16B-E61F-42F3-A3BE-79778E11E5E5}.Debug|x64.Build.0 = Debug|x64
		{8E57D16B-E61F-42F3-A3BE-79778E11E5E5}.Debug|x86.ActiveCfg = Debug|Win32
		{8E57D16B-E61F-42F3-A3BE-79778E11E5E5}.Debug|x86.Build.0 = Debug|Win32
		{8E57D16B-E61F-42F3-A3BE-79778E11E5E5}.Release|Any CPU.ActiveCfg = Release|x64
		{8E57D16B-E61F-42F3-A3BE-79778E11E5E5}.Release|Any CPU.Build.0 = Release|x64
		{8E57D16B-E61F-42F3-A3BE-79778E11E5E5}.Release|x64.ActiveCfg = Release|x64
		{8E57D16B-E61F-42F3-A3BE-79778E11E5E5}.Release|x64.Build.0 = Release|x64
		{8E57D16B-E61F-42F3-A3BE-79778E11E5E5}.Release|x86.ActiveCfg = Release|Win32
		{8E57D16B-E61F-42F3-A3BE-79778E11E5E5}.Release|x86.Build.0 = Release|Win32
		{8D316946-B1E8-4125-89CF-EB961FB0329A}.Debug|Any CPU.ActiveCfg = Debug|Any CPU
		{8D316946-B1E8-4125-89CF-EB961FB0329A}.Debug|Any CPU.Build.0 = Debug|Any CPU
		{8D316946-B1E8-4125-89CF-EB961FB0329A}.Debug|x64.ActiveCfg = Debug|Any CPU
		{8D316946-B1E8-4125-89CF-EB961FB0329A}.Debug|x64.Build.0 = Debug|Any CPU
		{8D316946-B1E8-4125-89CF-EB961FB0329A}.Debug|x86.ActiveCfg = Debug|Any CPU
		{8D316946-B1E8-4125-89CF-EB961FB0329A}.Debug|x86.Build.0 = Debug|Any CPU
		{8D316946-B1E8-4125-89CF-EB961FB0329A}.Release|Any CPU.ActiveCfg = Release|Any CPU
		{8D316946-B1E8-4125-89CF-EB961FB0329A}.Release|Any CPU.Build.0 = Release|Any CPU
		{8D316946-B1E8-4125-89CF-EB961FB0329A}.Release|x64.ActiveCfg = Release|Any CPU
		{8D316946-B1E8-4125-89CF-EB961FB0329A}.Release|x64.Build.0 = Release|Any CPU
		{8D316946-B1E8-4125-89CF-EB961FB0329A}.Release|x86.ActiveCfg = Release|Any CPU
		{8D316946-B1E8-4125-89CF-EB961FB0329A}.Release|x86.Build.0 = Release|Any CPU
		{F579E2C9-064D-4114-8099-7C35245CC5FB}.Debug|Any CPU.ActiveCfg = Debug|x64
		{F579E2C9-064D-4114-8099-7C35245CC5FB}.Debug|Any CPU.Build.0 = Debug|x64
		{F579E2C9-064D-4114-8099-7C35245CC5FB}.Debug|x64.ActiveCfg = Debug|x64
		{F579E2C9-064D-4114-8099-7C35245CC5FB}.Debug|x64.Build.0 = Debug|x64
		{F579E2C9-064D-4114-8099-7C35245CC5FB}.Debug|x86.ActiveCfg = Debug|Win32
		{F579E2C9-064D-4114-8099-7C35245CC5FB}.Debug|x86.Build.0 = Debug|Win32
		{F579E2C9-064D-4114-8099-7C35245CC5FB}.Release|Any CPU.ActiveCfg = Release|x64
		{F579E2C9-064D-4114-8099-7C35245CC5FB}.Release|Any CPU.Build.0 = Release|x64
		{F579E2C9-064D-4114-8099-7C35245CC5FB}.Release|x64.ActiveCfg = Release|x64
		{F579E2C9-064D-4114-8099-7C35245CC5FB}.Release|x64.Build.0 = Release|x64
		{F579E2C9-064D-4114-8099-7C35245CC5FB}.Release|x86.ActiveCfg = Release|Win32
		{F579E2C9-064D-4114-8099-7C35245CC5FB}.Release|x86.Build.0 = Release|Win32
		{5A802A5F-AFB0-4775-A2FE-8EA9775A1831}.Debug|Any CPU.ActiveCfg = Debug|x64
		{5A802A5F-AFB0-4775-A2FE-8EA9775A1831}.Debug|Any CPU.Build.0 = Debug|x64
		{5A802A5F-AFB0-4775-A2FE-8EA9775A1831}.Debug|x64.ActiveCfg = Debug|x64
		{5A802A5F-AFB0-4775-A2FE-8EA9775A1831}.Debug|x64.Build.0 = Debug|x64
		{5A802A5F-AFB0-4775-A2FE-8EA9775A1831}.Debug|x86.ActiveCfg = Debug|Win32
		{5A802A5F-AFB0-4775-A2FE-8EA9775A1831}.Debug|x86.Build.0 = Debug|Win32
		{5A802A5F-AFB0-4775-A2FE-8EA9775A1831}.Release|Any CPU.ActiveCfg = Release|x64
		{5A802A5F-AFB0-4775-A2FE-8EA9775A1831}.Release|Any CPU.Build.0 = Release|x64
		{5A802A5F-AFB0-4775-A2FE-8EA9775A1831}.Release|x64.ActiveCfg = Release|x64
		{5A802A5F-AFB0-4775-A2FE-8EA9775A1831}.Release|x64.Build.0 = Release|x64
		{5A802A5F-AFB0-4775-A2FE-8EA9775A1831}.Release|x86.ActiveCfg = Release|Win32
		{5A802A5F-AFB0-4775-A2FE-8EA9775A1831}.Release|x86.Build.0 = Release|Win32
		{621500C7-88DA-4465-965D-820D7DBA86F6}.Debug|Any CPU.ActiveCfg = Debug|x64
		{621500C7-88DA-4465-965D-820D7DBA86F6}.Debug|Any CPU.Build.0 = Debug|x64
		{621500C7-88DA-4465-965D-820D7DBA86F6}.Debug|x64.ActiveCfg = Debug|x64
		{621500C7-88DA-4465-965D-820D7DBA86F6}.Debug|x64.Build.0 = Debug|x64
		{621500C7-88DA-4465-965D-820D7DBA86F6}.Debug|x86.ActiveCfg = Debug|Win32
		{621500C7-88DA-4465-965D-820D7DBA86F6}.Debug|x86.Build.0 = Debug|Win32
		{621500C7-88DA-4465-965D-820D7DBA86F6}.Release|Any CPU.ActiveCfg = Release|x64
		{621500C7-88DA-4465-965D-820D7DBA86F6}.Release|Any CPU.Build.0 = Release|x64
		{621500C7-88DA-4465-965D-820D7DBA86F6}.Release|x64.ActiveCfg = Release|x64
		{621500C7-88DA-4465-965D-820D7DBA86F6}.Release|x64.Build.0 = Release|x64
		{621500C7-88DA-4465-965D-820D7DBA86F6}.Release|x86.ActiveCfg = Release|Win32
		{621500C7-88DA-4465-965D-820D7DBA86F6}.Release|x86.Build.0 = Release|Win32
		{8E8E3DBB-FE52-4369-BCA0-EF58684C8FE1}.Debug|Any CPU.ActiveCfg = Debug|x64
		{8E8E3DBB-FE52-4369-BCA0-EF58684C8FE1}.Debug|Any CPU.Build.0 = Debug|x64
		{8E8E3DBB-FE52-4369-BCA0-EF58684C8FE1}.Debug|x64.ActiveCfg = Debug|x64
		{8E8E3DBB-FE52-4369-BCA0-EF58684C8FE1}.Debug|x64.Build.0 = Debug|x64
		{8E8E3DBB-FE52-4369-BCA0-EF58684C8FE1}.Debug|x86.ActiveCfg = Debug|Win32
		{8E8E3DBB-FE52-4369-BCA0-EF58684C8FE1}.Debug|x86.Build.0 = Debug|Win32
		{8E8E3DBB-FE52-4369-BCA0-EF58684C8FE1}.Release|Any CPU.ActiveCfg = Release|x64
		{8E8E3DBB-FE52-4369-BCA0-EF58684C8FE1}.Release|Any CPU.Build.0 = Release|x64
		{8E8E3DBB-FE52-4369-BCA0-EF58684C8FE1}.Release|x64.ActiveCfg = Release|x64
		{8E8E3DBB-FE52-4369-BCA0-EF58684C8FE1}.Release|x64.Build.0 = Release|x64
		{8E8E3DBB-FE52-4369-BCA0-EF58684C8FE1}.Release|x86.ActiveCfg = Release|Win32
		{8E8E3DBB-FE52-4369-BCA0-EF58684C8FE1}.Release|x86.Build.0 = Release|Win32
		{9FCE3FA8-E61F-4E30-BD9E-20BB2A3497FF}.Debug|Any CPU.ActiveCfg = Debug|x64
		{9FCE3FA8-E61F-4E30-BD9E-20BB2A3497FF}.Debug|Any CPU.Build.0 = Debug|x64
		{9FCE3FA8-E61F-4E30-BD9E-20BB2A3497FF}.Debug|x64.ActiveCfg = Debug|x64
		{9FCE3FA8-E61F-4E30-BD9E-20BB2A3497FF}.Debug|x64.Build.0 = Debug|x64
		{9FCE3FA8-E61F-4E30-BD9E-20BB2A3497FF}.Debug|x86.ActiveCfg = Debug|Win32
		{9FCE3FA8-E61F-4E30-BD9E-20BB2A3497FF}.Debug|x86.Build.0 = Debug|Win32
		{9FCE3FA8-E61F-4E30-BD9E-20BB2A3497FF}.Release|Any CPU.ActiveCfg = Release|x64
		{9FCE3FA8-E61F-4E30-BD9E-20BB2A3497FF}.Release|Any CPU.Build.0 = Release|x64
		{9FCE3FA8-E61F-4E30-BD9E-20BB2A3497FF}.Release|x64.ActiveCfg = Release|x64
		{9FCE3FA8-E61F-4E30-BD9E-20BB2A3497FF}.Release|x64.Build.0 = Release|x64
		{9FCE3FA8-E61F-4E30-BD9E-20BB2A3497FF}.Release|x86.ActiveCfg = Release|Win32
		{9FCE3FA8-E61F-4E30-BD9E-20BB2A3497FF}.Release|x86.Build.0 = Release|Win32
		{718E0965-ED85-48E3-A7F8-72838D477D05}.Debug|Any CPU.ActiveCfg = Debug|x64
		{718E0965-ED85-48E3-A7F8-72838D477D05}.Debug|Any CPU.Build.0 = Debug|x64
		{718E0965-ED85-48E3-A7F8-72838D477D05}.Debug|x64.ActiveCfg = Debug|x64
		{718E0965-ED85-48E3-A7F8-72838D477D05}.Debug|x64.Build.0 = Debug|x64
		{718E0965-ED85-48E3-A7F8-72838D477D05}.Debug|x86.ActiveCfg = Debug|Win32
		{718E0965-ED85-48E3-A7F8-72838D477D05}.Debug|x86.Build.0 = Debug|Win32
		{718E0965-ED85-48E3-A7F8-72838D477D05}.Release|Any CPU.ActiveCfg = Release|x64
		{718E0965-ED85-48E3-A7F8-72838D477D05}.Release|Any CPU.Build.0 = Release|x64
		{718E0965-ED85-48E3-A7F8-72838D477D05}.Release|x64.ActiveCfg = Release|x64
		{718E0965-ED85-48E3-A7F8-72838D477D05}.Release|x64.Build.0 = Release|x64
		{718E0965-ED85-48E3-A7F8-72838D477D05}.Release|x86.ActiveCfg = Release|Win32
		{718E0965-ED85-48E3-A7F8-72838D477D05}.Release|x86.Build.0 = Release|Win32
		{036C1049-9053-4AD0-BB12-57F01C8EDA14}.Debug|Any CPU.ActiveCfg = Debug|x64
		{036C1049-9053-4AD0-BB12-57F01C8EDA14}.Debug|Any CPU.Build.0 = Debug|x64
		{036C1049-9053-4AD0-BB12-57F01C8EDA14}.Debug|x64.ActiveCfg = Debug|x64
		{036C1049-9053-4AD0-BB12-57F01C8EDA14}.Debug|x64.Build.0 = Debug|x64
		{036C1049-9053-4AD0-BB12-57F01C8EDA14}.Debug|x86.ActiveCfg = Debug|Win32
		{036C1049-9053-4AD0-BB12-57F01C8EDA14}.Debug|x86.Build.0 = Debug|Win32
		{036C1049-9053-4AD0-BB12-57F01C8EDA14}.Release|Any CPU.ActiveCfg = Release|x64
		{036C1049-9053-4AD0-BB12-57F01C8EDA14}.Release|Any CPU.Build.0 = Release|x64
		{036C1049-9053-4AD0-BB12-57F01C8EDA14}.Release|x64.ActiveCfg = Release|x64
		{036C1049-9053-4AD0-BB12-57F01C8EDA14}.Release|x64.Build.0 = Release|x64
		{036C1049-9053-4AD0-BB12-57F01C8EDA14}.Release|x86.ActiveCfg = Release|Win32
		{036C1049-9053-4AD0-BB12-57F01C8EDA14}.Release|x86.Build.0 = Release|Win32
		{2711D267-B4A5-4463-9875-46E69215F7D5}.Debug|Any CPU.ActiveCfg = Debug|x64
		{2711D267-B4A5-4463-9875-46E69215F7D5}.Debug|Any CPU.Build.0 = Debug|x64
		{2711D267-B4A5-4463-9875-46E69215F7D5}.Debug|x64.ActiveCfg = Debug|x64
		{2711D267-B4A5-4463-9875-46E69215F7D5}.Debug|x64.Build.0 = Debug|x64
		{2711D267-B4A5-4463-9875-46E69215F7D5}.Debug|x86.ActiveCfg = Debug|Win32
		{2711D267-B4A5-4463-9875-46E69215F7D5}.Debug|x86.Build.0 = Debug|Win32
		{2711D267-B4A5-4463-9875-46E69215F7D5}.Release|Any CPU.ActiveCfg = Release|x64
		{2711D267-B4A5-4463-9875-46E69215F7D5}.Release|Any CPU.Build.0 = Release|x64
		{2711D267-B4A5-4463-9875-46E69215F7D5}.Release|x64.ActiveCfg = Release|x64
		{2711D267-B4A5-4463-9875-46E69215F7D5}.Release|x64.Build.0 = Release|x64
		{2711D267-B4A5-4463-9875-46E69215F7D5}.Release|x86.ActiveCfg = Release|Win32
		{2711D267-B4A5-4463-9875-46E69215F7D5}.Release|x86.Build.0 = Release|Win32
		{8B592D2E-6A93-4122-A44D-005F5B59754B}.Debug|Any CPU.ActiveCfg = Debug|x64
		{8B592D2E-6A93-4122-A44D-005F5B59754B}.Debug|Any CPU.Build.0 = Debug|x64
		{8B592D2E-6A93-4122-A44D-005F5B59754B}.Debug|x64.ActiveCfg = Debug|x64
		{8B592D2E-6A93-4122-A44D-005F5B59754B}.Debug|x64.Build.0 = Debug|x64
		{8B592D2E-6A93-4122-A44D-005F5B59754B}.Debug|x86.ActiveCfg = Debug|Win32
		{8B592D2E-6A93-4122-A44D-005F5B59754B}.Debug|x86.Build.0 = Debug|Win32
		{8B592D2E-6A93-4122-A44D-005F5B59754B}.Release|Any CPU.ActiveCfg = Release|x64
		{8B592D2E-6A93-4122-A44D-005F5B59754B}.Release|Any CPU.Build.0 = Release|x64
		{8B592D2E-6A93-4122-A44D-005F5B59754B}.Release|x64.ActiveCfg = Release|x64
		{8B592D2E-6A93-4122-A44D-005F5B59754B}.Release|x64.Build.0 = Release|x64
		{8B592D2E-6A93-4122-A44D-005F5B59754B}.Release|x86.ActiveCfg = Release|Win32
		{8B592D2E-6A93-4122-A44D-005F5B59754B}.Release|x86.Build.0 = Release|Win32
		{55ED7BD7-6C5E-42C5-94B4-F9B5E904C4AA}.Debug|Any CPU.ActiveCfg = Debug|x64
		{55ED7BD7-6C5E-42C5-94B4-F9B5E904C4AA}.Debug|Any CPU.Build.0 = Debug|x64
		{55ED7BD7-6C5E-42C5-94B4-F9B5E904C4AA}.Debug|x64.ActiveCfg = Debug|x64
		{55ED7BD7-6C5E-42C5-94B4-F9B5E904C4AA}.Debug|x64.Build.0 = Debug|x64
		{55ED7BD7-6C5E-42C5-94B4-F9B5E904C4AA}.Debug|x86.ActiveCfg = Debug|Win32
		{55ED7BD7-6C5E-42C5-94B4-F9B5E904C4AA}.Debug|x86.Build.0 = Debug|Win32
		{55ED7BD7-6C5E-42C5-94B4-F9B5E904C4AA}.Release|Any CPU.ActiveCfg = Release|x64
		{55ED7BD7-6C5E-42C5-94B4-F9B5E904C4AA}.Release|Any CPU.Build.0 = Release|x64
		{55ED7BD7-6C5E-42C5-94B4-F9B5E904C4AA}.Release|x64.ActiveCfg = Release|x64
		{55ED7BD7-6C5E-42C5-94B4-F9B5E904C4AA}.Release|x64.Build.0 = Release|x64
		{55ED7BD7-6C5E-42C5-94B4-F9B5E904C4AA}.Release|x86.ActiveCfg = Release|Win32
		{55ED7BD7-6C5E-42C5-94B4-F9B5E904C4AA}.Release|x86.Build.0 = Release|Win32
		{6192CD59-879D-4FBA-B9B4-CA836F0C4A13}.Debug|Any CPU.ActiveCfg = Debug|x64
		{6192CD59-879D-4FBA-B9B4-CA836F0C4A13}.Debug|Any CPU.Build.0 = Debug|x64
		{6192CD59-879D-4FBA-B9B4-CA836F0C4A13}.Debug|x64.ActiveCfg = Debug|x64
		{6192CD59-879D-4FBA-B9B4-CA836F0C4A13}.Debug|x64.Build.0 = Debug|x64
		{6192CD59-879D-4FBA-B9B4-CA836F0C4A13}.Debug|x86.ActiveCfg = Debug|Win32
		{6192CD59-879D-4FBA-B9B4-CA836F0C4A13}.Debug|x86.Build.0 = Debug|Win32
		{6192CD59-879D-4FBA-B9B4-CA836F0C4A13}.Release|Any CPU.ActiveCfg = Release|x64
		{6192CD59-879D-4FBA-B9B4-CA836F0C4A13}.Release|Any CPU.Build.0 = Release|x64
		{6192CD59-879D-4FBA-B9B4-CA836F0C4A13}.Release|x64.ActiveCfg = Release|x64
		{6192CD59-879D-4FBA-B9B4-CA836F0C4A13}.Release|x64.Build.0 = Release|x64
		{6192CD59-879D-4FBA-B9B4-CA836F0C4A13}.Release|x86.ActiveCfg = Release|Win32
		{6192CD59-879D-4FBA-B9B4-CA836F0C4A13}.Release|x86.Build.0 = Release|Win32
		{8329EC8B-92ED-4E47-878F-5D22B0DA8BAD}.Debug|Any CPU.ActiveCfg = Debug|x64
		{8329EC8B-92ED-4E47-878F-5D22B0DA8BAD}.Debug|Any CPU.Build.0 = Debug|x64
		{8329EC8B-92ED-4E47-878F-5D22B0DA8BAD}.Debug|x64.ActiveCfg = Debug|x64
		{8329EC8B-92ED-4E47-878F-5D22B0DA8BAD}.Debug|x64.Build.0 = Debug|x64
		{8329EC8B-92ED-4E47-878F-5D22B0DA8BAD}.Debug|x86.ActiveCfg = Debug|Win32
		{8329EC8B-92ED-4E47-878F-5D22B0DA8BAD}.Debug|x86.Build.0 = Debug|Win32
		{8329EC8B-92ED-4E47-878F-5D22B0DA8BAD}.Release|Any CPU.ActiveCfg = Release|x64
		{8329EC8B-92ED-4E47-878F-5D22B0DA8BAD}.Release|Any CPU.Build.0 = Release|x64
		{8329EC8B-92ED-4E47-878F-5D22B0DA8BAD}.Release|x64.ActiveCfg = Release|x64
		{8329EC8B-92ED-4E47-878F-5D22B0DA8BAD}.Release|x64.Build.0 = Release|x64
		{8329EC8B-92ED-4E47-878F-5D22B0DA8BAD}.Release|x86.ActiveCfg = Release|Win32
		{8329EC8B-92ED-4E47-878F-5D22B0DA8BAD}.Release|x86.Build.0 = Release|Win32
		{7984E8D6-E704-4875-BF19-D20E8DBA5277}.Debug|Any CPU.ActiveCfg = Debug|x64
		{7984E8D6-E704-4875-BF19-D20E8DBA5277}.Debug|Any CPU.Build.0 = Debug|x64
		{7984E8D6-E704-4875-BF19-D20E8DBA5277}.Debug|x64.ActiveCfg = Debug|x64
		{7984E8D6-E704-4875-BF19-D20E8DBA5277}.Debug|x64.Build.0 = Debug|x64
		{7984E8D6-E704-4875-BF19-D20E8DBA5277}.Debug|x86.ActiveCfg = Debug|Win32
		{7984E8D6-E704-4875-BF19-D20E8DBA5277}.Debug|x86.Build.0 = Debug|Win32
		{7984E8D6-E704-4875-BF19-D20E8DBA5277}.Release|Any CPU.ActiveCfg = Release|x64
		{7984E8D6-E704-4875-BF19-D20E8DBA5277}.Release|Any CPU.Build.0 = Release|x64
		{7984E8D6-E704-4875-BF19-D20E8DBA5277}.Release|x64.ActiveCfg = Release|x64
		{7984E8D6-E704-4875-BF19-D20E8DBA5277}.Release|x64.Build.0 = Release|x64
		{7984E8D6-E704-4875-BF19-D20E8DBA5277}.Release|x86.ActiveCfg = Release|Win32
		{7984E8D6-E704-4875-BF19-D20E8DBA5277}.Release|x86.Build.0 = Release|Win32
		{AF17ED11-DCB0-4371-8739-A37F2E6C620A}.Debug|Any CPU.ActiveCfg = Debug|x64
		{AF17ED11-DCB0-4371-8739-A37F2E6C620A}.Debug|Any CPU.Build.0 = Debug|x64
		{AF17ED11-DCB0-4371-8739-A37F2E6C620A}.Debug|x64.ActiveCfg = Debug|x64
		{AF17ED11-DCB0-4371-8739-A37F2E6C620A}.Debug|x64.Build.0 = Debug|x64
		{AF17ED11-DCB0-4371-8739-A37F2E6C620A}.Debug|x86.ActiveCfg = Debug|Win32
		{AF17ED11-DCB0-4371-8739-A37F2E6C620A}.Debug|x86.Build.0 = Debug|Win32
		{AF17ED11-DCB0-4371-8739-A37F2E6C620A}.Release|Any CPU.ActiveCfg = Release|x64
		{AF17ED11-DCB0-4371-8739-A37F2E6C620A}.Release|Any CPU.Build.0 = Release|x64
		{AF17ED11-DCB0-4371-8739-A37F2E6C620A}.Release|x64.ActiveCfg = Release|x64
		{AF17ED11-DCB0-4371-8739-A37F2E6C620A}.Release|x64.Build.0 = Release|x64
		{AF17ED11-DCB0-4371-8739-A37F2E6C620A}.Release|x86.ActiveCfg = Release|Win32
		{AF17ED11-DCB0-4371-8739-A37F2E6C620A}.Release|x86.Build.0 = Release|Win32
		{95DCF0CF-D8E3-43C2-9A64-AF8B40D99C07}.Debug|Any CPU.ActiveCfg = Debug|x64
		{95DCF0CF-D8E3-43C2-9A64-AF8B40D99C07}.Debug|Any CPU.Build.0 = Debug|x64
		{95DCF0CF-D8E3-43C2-9A64-AF8B40D99C07}.Debug|x64.ActiveCfg = Debug|x64
		{95DCF0CF-D8E3-43C2-9A64-AF8B40D99C07}.Debug|x64.Build.0 = Debug|x64
		{95DCF0CF-D8E3-43C2-9A64-AF8B40D99C07}.Debug|x86.ActiveCfg = Debug|Win32
		{95DCF0CF-D8E3-43C2-9A64-AF8B40D99C07}.Debug|x86.Build.0 = Debug|Win32
		{95DCF0CF-D8E3-43C2-9A64-AF8B40D99C07}.Release|Any CPU.ActiveCfg = Release|x64
		{95DCF0CF-D8E3-43C2-9A64-AF8B40D99C07}.Release|Any CPU.Build.0 = Release|x64
		{95DCF0CF-D8E3-43C2-9A64-AF8B40D99C07}.Release|x64.ActiveCfg = Release|x64
		{95DCF0CF-D8E3-43C2-9A64-AF8B40D99C07}.Release|x64.Build.0 = Release|x64
		{95DCF0CF-D8E3-43C2-9A64-AF8B40D99C07}.Release|x86.ActiveCfg = Release|Win32
		{95DCF0CF-D8E3-43C2-9A64-AF8B40D99C07}.Release|x86.Build.0 = Release|Win32
		{DE46BEF2-D08C-47E8-B906-97F4AC4A11E1}.Debug|Any CPU.ActiveCfg = Debug|x64
		{DE46BEF2-D08C-47E8-B906-97F4AC4A11E1}.Debug|Any CPU.Build.0 = Debug|x64
		{DE46BEF2-D08C-47E8-B906-97F4AC4A11E1}.Debug|x64.ActiveCfg = Debug|x64
		{DE46BEF2-D08C-47E8-B906-97F4AC4A11E1}.Debug|x64.Build.0 = Debug|x64
		{DE46BEF2-D08C-47E8-B906-97F4AC4A11E1}.Debug|x86.ActiveCfg = Debug|Win32
		{DE46BEF2-D08C-47E8-B906-97F4AC4A11E1}.Debug|x86.Build.0 = Debug|Win32
		{DE46BEF2-D08C-47E8-B906-97F4AC4A11E1}.Release|Any CPU.ActiveCfg = Release|x64
		{DE46BEF2-D08C-47E8-B906-97F4AC4A11E1}.Release|Any CPU.Build.0 = Release|x64
		{DE46BEF2-D08C-47E8-B906-97F4AC4A11E1}.Release|x64.ActiveCfg = Release|x64
		{DE46BEF2-D08C-47E8-B906-97F4AC4A11E1}.Release|x64.Build.0 = Release|x64
		{DE46BEF2-D08C-47E8-B906-97F4AC4A11E1}.Release|x86.ActiveCfg = Release|Win32
		{DE46BEF2-D08C-47E8-B906-97F4AC4A11E1}.Release|x86.Build.0 = Release|Win32
		{EF150AAB-D3C2-440C-B4D0-B7A17269BCD7}.Debug|Any CPU.ActiveCfg = Debug|x64
		{EF150AAB-D3C2-440C-B4D0-B7A17269BCD7}.Debug|Any CPU.Build.0 = Debug|x64
		{EF150AAB-D3C2-440C-B4D0-B7A17269BCD7}.Debug|x64.ActiveCfg = Debug|x64
		{EF150AAB-D3C2-440C-B4D0-B7A17269BCD7}.Debug|x64.Build.0 = Debug|x64
		{EF150AAB-D3C2-440C-B4D0-B7A17269BCD7}.Debug|x86.ActiveCfg = Debug|Win32
		{EF150AAB-D3C2-440C-B4D0-B7A17269BCD7}.Debug|x86.Build.0 = Debug|Win32
		{EF150AAB-D3C2-440C-B4D0-B7A17269BCD7}.Release|Any CPU.ActiveCfg = Release|x64
		{EF150AAB-D3C2-440C-B4D0-B7A17269BCD7}.Release|Any CPU.Build.0 = Release|x64
		{EF150AAB-D3C2-440C-B4D0-B7A17269BCD7}.Release|x64.ActiveCfg = Release|x64
		{EF150AAB-D3C2-440C-B4D0-B7A17269BCD7}.Release|x64.Build.0 = Release|x64
		{EF150AAB-D3C2-440C-B4D0-B7A17269BCD7}.Release|x86.ActiveCfg = Release|Win32
		{EF150AAB-D3C2-440C-B4D0-B7A17269BCD7}.Release|x86.Build.0 = Release|Win32
		{8FBFFEAA-329B-45EA-A452-DFC3F9274BB5}.Debug|Any CPU.ActiveCfg = Debug|x64
		{8FBFFEAA-329B-45EA-A452-DFC3F9274BB5}.Debug|Any CPU.Build.0 = Debug|x64
		{8FBFFEAA-329B-45EA-A452-DFC3F9274BB5}.Debug|x64.ActiveCfg = Debug|x64
		{8FBFFEAA-329B-45EA-A452-DFC3F9274BB5}.Debug|x64.Build.0 = Debug|x64
		{8FBFFEAA-329B-45EA-A452-DFC3F9274BB5}.Debug|x86.ActiveCfg = Debug|Win32
		{8FBFFEAA-329B-45EA-A452-DFC3F9274BB5}.Debug|x86.Build.0 = Debug|Win32
		{8FBFFEAA-329B-45EA-A452-DFC3F9274BB5}.Release|Any CPU.ActiveCfg = Release|x64
		{8FBFFEAA-329B-45EA-A452-DFC3F9274BB5}.Release|Any CPU.Build.0 = Release|x64
		{8FBFFEAA-329B-45EA-A452-DFC3F9274BB5}.Release|x64.ActiveCfg = Release|x64
		{8FBFFEAA-329B-45EA-A452-DFC3F9274BB5}.Release|x64.Build.0 = Release|x64
		{8FBFFEAA-329B-45EA-A452-DFC3F9274BB5}.Release|x86.ActiveCfg = Release|Win32
		{8FBFFEAA-329B-45EA-A452-DFC3F9274BB5}.Release|x86.Build.0 = Release|Win32
		{5EFB3DA6-C2F8-44CD-A19F-351386865E55}.Debug|Any CPU.ActiveCfg = Debug|x64
		{5EFB3DA6-C2F8-44CD-A19F-351386865E55}.Debug|Any CPU.Build.0 = Debug|x64
		{5EFB3DA6-C2F8-44CD-A19F-351386865E55}.Debug|x64.ActiveCfg = Debug|x64
		{5EFB3DA6-C2F8-44CD-A19F-351386865E55}.Debug|x64.Build.0 = Debug|x64
		{5EFB3DA6-C2F8-44CD-A19F-351386865E55}.Debug|x86.ActiveCfg = Debug|Win32
		{5EFB3DA6-C2F8-44CD-A19F-351386865E55}.Debug|x86.Build.0 = Debug|Win32
		{5EFB3DA6-C2F8-44CD-A19F-351386865E55}.Release|Any CPU.ActiveCfg = Release|x64
		{5EFB3DA6-C2F8-44CD-A19F-351386865E55}.Release|Any CPU.Build.0 = Release|x64
		{5EFB3DA6-C2F8-44CD-A19F-351386865E55}.Release|x64.ActiveCfg = Release|x64
		{5EFB3DA6-C2F8-44CD-A19F-351386865E55}.Release|x64.Build.0 = Release|x64
		{5EFB3DA6-C2F8-44CD-A19F-351386865E55}.Release|x86.ActiveCfg = Release|Win32
		{5EFB3DA6-C2F8-44CD-A19F-351386865E55}.Release|x86.Build.0 = Release|Win32
		{5E7458DE-C4E5-4724-8834-ECF36FC6141B}.Debug|Any CPU.ActiveCfg = Debug|x64
		{5E7458DE-C4E5-4724-8834-ECF36FC6141B}.Debug|Any CPU.Build.0 = Debug|x64
		{5E7458DE-C4E5-4724-8834-ECF36FC6141B}.Debug|x64.ActiveCfg = Debug|x64
		{5E7458DE-C4E5-4724-8834-ECF36FC6141B}.Debug|x64.Build.0 = Debug|x64
		{5E7458DE-C4E5-4724-8834-ECF36FC6141B}.Debug|x86.ActiveCfg = Debug|Win32
		{5E7458DE-C4E5-4724-8834-ECF36FC6141B}.Debug|x86.Build.0 = Debug|Win32
		{5E7458DE-C4E5-4724-8834-ECF36FC6141B}.Release|Any CPU.ActiveCfg = Release|x64
		{5E7458DE-C4E5-4724-8834-ECF36FC6141B}.Release|Any CPU.Build.0 = Release|x64
		{5E7458DE-C4E5-4724-8834-ECF36FC6141B}.Release|x64.ActiveCfg = Release|x64
		{5E7458DE-C4E5-4724-8834-ECF36FC6141B}.Release|x64.Build.0 = Release|x64
		{5E7458DE-C4E5-4724-8834-ECF36FC6141B}.Release|x86.ActiveCfg = Release|Win32
		{5E7458DE-C4E5-4724-8834-ECF36FC6141B}.Release|x86.Build.0 = Release|Win32
		{96A1F1CD-2828-4A33-998A-C0DE4EEC880F}.Debug|Any CPU.ActiveCfg = Debug|x64
		{96A1F1CD-2828-4A33-998A-C0DE4EEC880F}.Debug|Any CPU.Build.0 = Debug|x64
		{96A1F1CD-2828-4A33-998A-C0DE4EEC880F}.Debug|x64.ActiveCfg = Debug|x64
		{96A1F1CD-2828-4A33-998A-C0DE4EEC880F}.Debug|x64.Build.0 = Debug|x64
		{96A1F1CD-2828-4A33-998A-C0DE4EEC880F}.Debug|x86.ActiveCfg = Debug|Win32
		{96A1F1CD-2828-4A33-998A-C0DE4EEC880F}.Debug|x86.Build.0 = Debug|Win32
		{96A1F1CD-2828-4A33-998A-C0DE4EEC880F}.Release|Any CPU.ActiveCfg = Release|x64
		{96A1F1CD-2828-4A33-998A-C0DE4EEC880F}.Release|Any CPU.Build.0 = Release|x64
		{96A1F1CD-2828-4A33-998A-C0DE4EEC880F}.Release|x64.ActiveCfg = Release|x64
		{96A1F1CD-2828-4A33-998A-C0DE4EEC880F}.Release|x64.Build.0 = Release|x64
		{96A1F1CD-2828-4A33-998A-C0DE4EEC880F}.Release|x86.ActiveCfg = Release|Win32
		{96A1F1CD-2828-4A33-998A-C0DE4EEC880F}.Release|x86.Build.0 = Release|Win32
		{948A48E3-528C-4B94-BDC0-CBAC79D73D06}.Debug|Any CPU.ActiveCfg = Debug|x64
		{948A48E3-528C-4B94-BDC0-CBAC79D73D06}.Debug|Any CPU.Build.0 = Debug|x64
		{948A48E3-528C-4B94-BDC0-CBAC79D73D06}.Debug|x64.ActiveCfg = Debug|x64
		{948A48E3-528C-4B94-BDC0-CBAC79D73D06}.Debug|x64.Build.0 = Debug|x64
		{948A48E3-528C-4B94-BDC0-CBAC79D73D06}.Debug|x86.ActiveCfg = Debug|Win32
		{948A48E3-528C-4B94-BDC0-CBAC79D73D06}.Debug|x86.Build.0 = Debug|Win32
		{948A48E3-528C-4B94-BDC0-CBAC79D73D06}.Release|Any CPU.ActiveCfg = Release|x64
		{948A48E3-528C-4B94-BDC0-CBAC79D73D06}.Release|Any CPU.Build.0 = Release|x64
		{948A48E3-528C-4B94-BDC0-CBAC79D73D06}.Release|x64.ActiveCfg = Release|x64
		{948A48E3-528C-4B94-BDC0-CBAC79D73D06}.Release|x64.Build.0 = Release|x64
		{948A48E3-528C-4B94-BDC0-CBAC79D73D06}.Release|x86.ActiveCfg = Release|Win32
		{948A48E3-528C-4B94-BDC0-CBAC79D73D06}.Release|x86.Build.0 = Release|Win32
		{E5BBC4FE-A4D7-4D6B-B277-6ADAF9DDDDC7}.Debug|Any CPU.ActiveCfg = Debug|x64
		{E5BBC4FE-A4D7-4D6B-B277-6ADAF9DDDDC7}.Debug|Any CPU.Build.0 = Debug|x64
		{E5BBC4FE-A4D7-4D6B-B277-6ADAF9DDDDC7}.Debug|x64.ActiveCfg = Debug|x64
		{E5BBC4FE-A4D7-4D6B-B277-6ADAF9DDDDC7}.Debug|x64.Build.0 = Debug|x64
		{E5BBC4FE-A4D7-4D6B-B277-6ADAF9DDDDC7}.Debug|x86.ActiveCfg = Debug|Win32
		{E5BBC4FE-A4D7-4D6B-B277-6ADAF9DDDDC7}.Debug|x86.Build.0 = Debug|Win32
		{E5BBC4FE-A4D7-4D6B-B277-6ADAF9DDDDC7}.Release|Any CPU.ActiveCfg = Release|x64
		{E5BBC4FE-A4D7-4D6B-B277-6ADAF9DDDDC7}.Release|Any CPU.Build.0 = Release|x64
		{E5BBC4FE-A4D7-4D6B-B277-6ADAF9DDDDC7}.Release|x64.ActiveCfg = Release|x64
		{E5BBC4FE-A4D7-4D6B-B277-6ADAF9DDDDC7}.Release|x64.Build.0 = Release|x64
		{E5BBC4FE-A4D7-4D6B-B277-6ADAF9DDDDC7}.Release|x86.ActiveCfg = Release|Win32
		{E5BBC4FE-A4D7-4D6B-B277-6ADAF9DDDDC7}.Release|x86.Build.0 = Release|Win32
		{BAF3DBFE-8BE6-4D9E-ADD5-5A476BC9F1BA}.Debug|Any CPU.ActiveCfg = Debug|x64
		{BAF3DBFE-8BE6-4D9E-ADD5-5A476BC9F1BA}.Debug|Any CPU.Build.0 = Debug|x64
		{BAF3DBFE-8BE6-4D9E-ADD5-5A476BC9F1BA}.Debug|x64.ActiveCfg = Debug|x64
		{BAF3DBFE-8BE6-4D9E-ADD5-5A476BC9F1BA}.Debug|x64.Build.0 = Debug|x64
		{BAF3DBFE-8BE6-4D9E-ADD5-5A476BC9F1BA}.Debug|x86.ActiveCfg = Debug|Win32
		{BAF3DBFE-8BE6-4D9E-ADD5-5A476BC9F1BA}.Debug|x86.Build.0 = Debug|Win32
		{BAF3DBFE-8BE6-4D9E-ADD5-5A476BC9F1BA}.Release|Any CPU.ActiveCfg = Release|x64
		{BAF3DBFE-8BE6-4D9E-ADD5-5A476BC9F1BA}.Release|Any CPU.Build.0 = Release|x64
		{BAF3DBFE-8BE6-4D9E-ADD5-5A476BC9F1BA}.Release|x64.ActiveCfg = Release|x64
		{BAF3DBFE-8BE6-4D9E-ADD5-5A476BC9F1BA}.Release|x64.Build.0 = Release|x64
		{BAF3DBFE-8BE6-4D9E-ADD5-5A476BC9F1BA}.Release|x86.ActiveCfg = Release|Win32
		{BAF3DBFE-8BE6-4D9E-ADD5-5A476BC9F1BA}.Release|x86.Build.0 = Release|Win32
		{F5F30240-1239-4502-95C1-0D3877A75A4C}.Debug|Any CPU.ActiveCfg = Debug|x64
		{F5F30240-1239-4502-95C1-0D3877A75A4C}.Debug|Any CPU.Build.0 = Debug|x64
		{F5F30240-1239-4502-95C1-0D3877A75A4C}.Debug|x64.ActiveCfg = Debug|x64
		{F5F30240-1239-4502-95C1-0D3877A75A4C}.Debug|x64.Build.0 = Debug|x64
		{F5F30240-1239-4502-95C1-0D3877A75A4C}.Debug|x86.ActiveCfg = Debug|Win32
		{F5F30240-1239-4502-95C1-0D3877A75A4C}.Debug|x86.Build.0 = Debug|Win32
		{F5F30240-1239-4502-95C1-0D3877A75A4C}.Release|Any CPU.ActiveCfg = Release|x64
		{F5F30240-1239-4502-95C1-0D3877A75A4C}.Release|Any CPU.Build.0 = Release|x64
		{F5F30240-1239-4502-95C1-0D3877A75A4C}.Release|x64.ActiveCfg = Release|x64
		{F5F30240-1239-4502-95C1-0D3877A75A4C}.Release|x64.Build.0 = Release|x64
		{F5F30240-1239-4502-95C1-0D3877A75A4C}.Release|x86.ActiveCfg = Release|Win32
		{F5F30240-1239-4502-95C1-0D3877A75A4C}.Release|x86.Build.0 = Release|Win32
		{AAD5A5E1-AC2E-4954-AD38-06BE097B5040}.Debug|Any CPU.ActiveCfg = Debug|x64
		{AAD5A5E1-AC2E-4954-AD38-06BE097B5040}.Debug|Any CPU.Build.0 = Debug|x64
		{AAD5A5E1-AC2E-4954-AD38-06BE097B5040}.Debug|x64.ActiveCfg = Debug|x64
		{AAD5A5E1-AC2E-4954-AD38-06BE097B5040}.Debug|x64.Build.0 = Debug|x64
		{AAD5A5E1-AC2E-4954-AD38-06BE097B5040}.Debug|x86.ActiveCfg = Debug|Win32
		{AAD5A5E1-AC2E-4954-AD38-06BE097B5040}.Debug|x86.Build.0 = Debug|Win32
		{AAD5A5E1-AC2E-4954-AD38-06BE097B5040}.Release|Any CPU.ActiveCfg = Release|x64
		{AAD5A5E1-AC2E-4954-AD38-06BE097B5040}.Release|Any CPU.Build.0 = Release|x64
		{AAD5A5E1-AC2E-4954-AD38-06BE097B5040}.Release|x64.ActiveCfg = Release|x64
		{AAD5A5E1-AC2E-4954-AD38-06BE097B5040}.Release|x64.Build.0 = Release|x64
		{AAD5A5E1-AC2E-4954-AD38-06BE097B5040}.Release|x86.ActiveCfg = Release|Win32
		{AAD5A5E1-AC2E-4954-AD38-06BE097B5040}.Release|x86.Build.0 = Release|Win32
		{E89209AE-AB31-47EB-9BCD-598031765FF4}.Debug|Any CPU.ActiveCfg = Debug|x64
		{E89209AE-AB31-47EB-9BCD-598031765FF4}.Debug|Any CPU.Build.0 = Debug|x64
		{E89209AE-AB31-47EB-9BCD-598031765FF4}.Debug|x64.ActiveCfg = Debug|x64
		{E89209AE-AB31-47EB-9BCD-598031765FF4}.Debug|x64.Build.0 = Debug|x64
		{E89209AE-AB31-47EB-9BCD-598031765FF4}.Debug|x86.ActiveCfg = Debug|Win32
		{E89209AE-AB31-47EB-9BCD-598031765FF4}.Debug|x86.Build.0 = Debug|Win32
		{E89209AE-AB31-47EB-9BCD-598031765FF4}.Release|Any CPU.ActiveCfg = Release|x64
		{E89209AE-AB31-47EB-9BCD-598031765FF4}.Release|Any CPU.Build.0 = Release|x64
		{E89209AE-AB31-47EB-9BCD-598031765FF4}.Release|x64.ActiveCfg = Release|x64
		{E89209AE-AB31-47EB-9BCD-598031765FF4}.Release|x64.Build.0 = Release|x64
		{E89209AE-AB31-47EB-9BCD-598031765FF4}.Release|x86.ActiveCfg = Release|Win32
		{E89209AE-AB31-47EB-9BCD-598031765FF4}.Release|x86.Build.0 = Release|Win32
		{BFEF8235-492B-49C7-9BE9-CC21F4D89842}.Debug|Any CPU.ActiveCfg = Debug|x64
		{BFEF8235-492B-49C7-9BE9-CC21F4D89842}.Debug|Any CPU.Build.0 = Debug|x64
		{BFEF8235-492B-49C7-9BE9-CC21F4D89842}.Debug|x64.ActiveCfg = Debug|x64
		{BFEF8235-492B-49C7-9BE9-CC21F4D89842}.Debug|x64.Build.0 = Debug|x64
		{BFEF8235-492B-49C7-9BE9-CC21F4D89842}.Debug|x86.ActiveCfg = Debug|Win32
		{BFEF8235-492B-49C7-9BE9-CC21F4D89842}.Debug|x86.Build.0 = Debug|Win32
		{BFEF8235-492B-49C7-9BE9-CC21F4D89842}.Release|Any CPU.ActiveCfg = Release|x64
		{BFEF8235-492B-49C7-9BE9-CC21F4D89842}.Release|Any CPU.Build.0 = Release|x64
		{BFEF8235-492B-49C7-9BE9-CC21F4D89842}.Release|x64.ActiveCfg = Release|x64
		{BFEF8235-492B-49C7-9BE9-CC21F4D89842}.Release|x64.Build.0 = Release|x64
		{BFEF8235-492B-49C7-9BE9-CC21F4D89842}.Release|x86.ActiveCfg = Release|Win32
		{BFEF8235-492B-49C7-9BE9-CC21F4D89842}.Release|x86.Build.0 = Release|Win32
		{B3A9D4C8-540A-4CE1-A544-9D90DB33D6BD}.Debug|Any CPU.ActiveCfg = Debug|x64
		{B3A9D4C8-540A-4CE1-A544-9D90DB33D6BD}.Debug|Any CPU.Build.0 = Debug|x64
		{B3A9D4C8-540A-4CE1-A544-9D90DB33D6BD}.Debug|x64.ActiveCfg = Debug|x64
		{B3A9D4C8-540A-4CE1-A544-9D90DB33D6BD}.Debug|x64.Build.0 = Debug|x64
		{B3A9D4C8-540A-4CE1-A544-9D90DB33D6BD}.Debug|x86.ActiveCfg = Debug|Win32
		{B3A9D4C8-540A-4CE1-A544-9D90DB33D6BD}.Debug|x86.Build.0 = Debug|Win32
		{B3A9D4C8-540A-4CE1-A544-9D90DB33D6BD}.Release|Any CPU.ActiveCfg = Release|x64
		{B3A9D4C8-540A-4CE1-A544-9D90DB33D6BD}.Release|Any CPU.Build.0 = Release|x64
		{B3A9D4C8-540A-4CE1-A544-9D90DB33D6BD}.Release|x64.ActiveCfg = Release|x64
		{B3A9D4C8-540A-4CE1-A544-9D90DB33D6BD}.Release|x64.Build.0 = Release|x64
		{B3A9D4C8-540A-4CE1-A544-9D90DB33D6BD}.Release|x86.ActiveCfg = Release|Win32
		{B3A9D4C8-540A-4CE1-A544-9D90DB33D6BD}.Release|x86.Build.0 = Release|Win32
		{0E38282A-61ED-4D26-A5A2-EDF831185682}.Debug|Any CPU.ActiveCfg = Debug|x64
		{0E38282A-61ED-4D26-A5A2-EDF831185682}.Debug|Any CPU.Build.0 = Debug|x64
		{0E38282A-61ED-4D26-A5A2-EDF831185682}.Debug|x64.ActiveCfg = Debug|x64
		{0E38282A-61ED-4D26-A5A2-EDF831185682}.Debug|x64.Build.0 = Debug|x64
		{0E38282A-61ED-4D26-A5A2-EDF831185682}.Debug|x86.ActiveCfg = Debug|Win32
		{0E38282A-61ED-4D26-A5A2-EDF831185682}.Debug|x86.Build.0 = Debug|Win32
		{0E38282A-61ED-4D26-A5A2-EDF831185682}.Release|Any CPU.ActiveCfg = Release|x64
		{0E38282A-61ED-4D26-A5A2-EDF831185682}.Release|Any CPU.Build.0 = Release|x64
		{0E38282A-61ED-4D26-A5A2-EDF831185682}.Release|x64.ActiveCfg = Release|x64
		{0E38282A-61ED-4D26-A5A2-EDF831185682}.Release|x64.Build.0 = Release|x64
		{0E38282A-61ED-4D26-A5A2-EDF831185682}.Release|x86.ActiveCfg = Release|Win32
		{0E38282A-61ED-4D26-A5A2-EDF831185682}.Release|x86.Build.0 = Release|Win32
		{DE474FF2-3955-49ED-A564-1AA92F515ECB}.Debug|Any CPU.ActiveCfg = Debug|x64
		{DE474FF2-3955-49ED-A564-1AA92F515ECB}.Debug|Any CPU.Build.0 = Debug|x64
		{DE474FF2-3955-49ED-A564-1AA92F515ECB}.Debug|x64.ActiveCfg = Debug|x64
		{DE474FF2-3955-49ED-A564-1AA92F515ECB}.Debug|x64.Build.0 = Debug|x64
		{DE474FF2-3955-49ED-A564-1AA92F515ECB}.Debug|x86.ActiveCfg = Debug|Win32
		{DE474FF2-3955-49ED-A564-1AA92F515ECB}.Debug|x86.Build.0 = Debug|Win32
		{DE474FF2-3955-49ED-A564-1AA92F515ECB}.Release|Any CPU.ActiveCfg = Release|x64
		{DE474FF2-3955-49ED-A564-1AA92F515ECB}.Release|Any CPU.Build.0 = Release|x64
		{DE474FF2-3955-49ED-A564-1AA92F515ECB}.Release|x64.ActiveCfg = Release|x64
		{DE474FF2-3955-49ED-A564-1AA92F515ECB}.Release|x64.Build.0 = Release|x64
		{DE474FF2-3955-49ED-A564-1AA92F515ECB}.Release|x86.ActiveCfg = Release|Win32
		{DE474FF2-3955-49ED-A564-1AA92F515ECB}.Release|x86.Build.0 = Release|Win32
		{D1981EC4-39DC-4399-9EA5-518EE5EFF494}.Debug|Any CPU.ActiveCfg = Debug|x64
		{D1981EC4-39DC-4399-9EA5-518EE5EFF494}.Debug|Any CPU.Build.0 = Debug|x64
		{D1981EC4-39DC-4399-9EA5-518EE5EFF494}.Debug|x64.ActiveCfg = Debug|x64
		{D1981EC4-39DC-4399-9EA5-518EE5EFF494}.Debug|x64.Build.0 = Debug|x64
		{D1981EC4-39DC-4399-9EA5-518EE5EFF494}.Debug|x86.ActiveCfg = Debug|Win32
		{D1981EC4-39DC-4399-9EA5-518EE5EFF494}.Debug|x86.Build.0 = Debug|Win32
		{D1981EC4-39DC-4399-9EA5-518EE5EFF494}.Release|Any CPU.ActiveCfg = Release|x64
		{D1981EC4-39DC-4399-9EA5-518EE5EFF494}.Release|Any CPU.Build.0 = Release|x64
		{D1981EC4-39DC-4399-9EA5-518EE5EFF494}.Release|x64.ActiveCfg = Release|x64
		{D1981EC4-39DC-4399-9EA5-518EE5EFF494}.Release|x64.Build.0 = Release|x64
		{D1981EC4-39DC-4399-9EA5-518EE5EFF494}.Release|x86.ActiveCfg = Release|Win32
		{D1981EC4-39DC-4399-9EA5-518EE5EFF494}.Release|x86.Build.0 = Release|Win32
		{A6BADFA8-7FB3-478B-940C-7BEF6167C5EA}.Debug|Any CPU.ActiveCfg = Debug|x64
		{A6BADFA8-7FB3-478B-940C-7BEF6167C5EA}.Debug|Any CPU.Build.0 = Debug|x64
		{A6BADFA8-7FB3-478B-940C-7BEF6167C5EA}.Debug|x64.ActiveCfg = Debug|x64
		{A6BADFA8-7FB3-478B-940C-7BEF6167C5EA}.Debug|x64.Build.0 = Debug|x64
		{A6BADFA8-7FB3-478B-940C-7BEF6167C5EA}.Debug|x86.ActiveCfg = Debug|Win32
		{A6BADFA8-7FB3-478B-940C-7BEF6167C5EA}.Debug|x86.Build.0 = Debug|Win32
		{A6BADFA8-7FB3-478B-940C-7BEF6167C5EA}.Release|Any CPU.ActiveCfg = Release|x64
		{A6BADFA8-7FB3-478B-940C-7BEF6167C5EA}.Release|Any CPU.Build.0 = Release|x64
		{A6BADFA8-7FB3-478B-940C-7BEF6167C5EA}.Release|x64.ActiveCfg = Release|x64
		{A6BADFA8-7FB3-478B-940C-7BEF6167C5EA}.Release|x64.Build.0 = Release|x64
		{A6BADFA8-7FB3-478B-940C-7BEF6167C5EA}.Release|x86.ActiveCfg = Release|Win32
		{A6BADFA8-7FB3-478B-940C-7BEF6167C5EA}.Release|x86.Build.0 = Release|Win32
		{33FE8E63-E423-4625-AB80-D0976BEAC729}.Debug|Any CPU.ActiveCfg = Debug|x64
		{33FE8E63-E423-4625-AB80-D0976BEAC729}.Debug|Any CPU.Build.0 = Debug|x64
		{33FE8E63-E423-4625-AB80-D0976BEAC729}.Debug|x64.ActiveCfg = Debug|x64
		{33FE8E63-E423-4625-AB80-D0976BEAC729}.Debug|x64.Build.0 = Debug|x64
		{33FE8E63-E423-4625-AB80-D0976BEAC729}.Debug|x86.ActiveCfg = Debug|Win32
		{33FE8E63-E423-4625-AB80-D0976BEAC729}.Debug|x86.Build.0 = Debug|Win32
		{33FE8E63-E423-4625-AB80-D0976BEAC729}.Release|Any CPU.ActiveCfg = Release|x64
		{33FE8E63-E423-4625-AB80-D0976BEAC729}.Release|Any CPU.Build.0 = Release|x64
		{33FE8E63-E423-4625-AB80-D0976BEAC729}.Release|x64.ActiveCfg = Release|x64
		{33FE8E63-E423-4625-AB80-D0976BEAC729}.Release|x64.Build.0 = Release|x64
		{33FE8E63-E423-4625-AB80-D0976BEAC729}.Release|x86.ActiveCfg = Release|Win32
		{33FE8E63-E423-4625-AB80-D0976BEAC729}.Release|x86.Build.0 = Release|Win32
	EndGlobalSection
	GlobalSection(SolutionProperties) = preSolution
		HideSolutionNode = FALSE
	EndGlobalSection
	GlobalSection(ExtensibilityGlobals) = postSolution
		SolutionGuid = {1B37C134-433F-4E41-9E70-81AFD245F4BF}
	EndGlobalSection
EndGlobal
